# This file is automatically @generated by Cargo.
# It is not intended for manual editing.
[[package]]
name = "day1-expense-report"
version = "0.1.0"

[[package]]
name = "day2-password-policy"
version = "0.1.0"
dependencies = [
 "lib",
]

[[package]]
name = "day3-toboggan-trajectory"
version = "0.1.0"
dependencies = [
 "lib",
]

[[package]]
name = "lib"
version = "0.1.0"
